
Microsoft Visual Studio Solution File, Format Version 12.00
# Visual Studio 15
VisualStudioVersion = 15.0.28010.2003
MinimumVisualStudioVersion = 10.0.40219.1
Project("{FAE04EC0-301F-11D3-BF4B-00C04F79EFBC}") = "AutomaticReportsProtoType", "AutomaticReportsProtoType\AutomaticReportsProtoType.csproj", "{35AB620F-7756-4C5B-8A88-186B414D5BAC}"
EndProject
Global
	GlobalSection(SolutionConfigurationPlatforms) = preSolution
		Debug|Any CPU = Debug|Any CPU
		Release|Any CPU = Release|Any CPU
	EndGlobalSection
	GlobalSection(ProjectConfigurationPlatforms) = postSolution
		{35AB620F-7756-4C5B-8A88-186B414D5BAC}.Debug|Any CPU.ActiveCfg = Debug|Any CPU
		{35AB620F-7756-4C5B-8A88-186B414D5BAC}.Debug|Any CPU.Build.0 = Debug|Any CPU
		{35AB620F-7756-4C5B-8A88-186B414D5BAC}.Release|Any CPU.ActiveCfg = Release|Any CPU
		{35AB620F-7756-4C5B-8A88-186B414D5BAC}.Release|Any CPU.Build.0 = Release|Any CPU
	EndGlobalSection
	GlobalSection(SolutionProperties) = preSolution
		HideSolutionNode = FALSE
	EndGlobalSection
	GlobalSection(ExtensibilityGlobals) = postSolution
		SolutionGuid = {754480D0-9E00-4CC2-9DF5-793170F0FD68}
	EndGlobalSection
EndGlobal
